
Microsoft Visual Studio Solution File, Format Version 12.00
# Visual Studio 2013
VisualStudioVersion = 12.0.30110.0
MinimumVisualStudioVersion = 10.0.40219.1
Project("{FAE04EC0-301F-11D3-BF4B-00C04F79EFBC}") = "Configurator", "Configurator\Configurator.csproj", "{2B78A6A5-8756-47EA-A869-8BD59821F439}"
EndProject
Project("{FAE04EC0-301F-11D3-BF4B-00C04F79EFBC}") = "Configurator.Tests", "Configurator.Tests\Configurator.Tests.csproj", "{9998ABEE-8274-4762-88B9-EB75E92A217E}"
EndProject
Project("{2150E333-8FDC-42A3-9474-1A3956D46DE8}") = ".nuget", ".nuget", "{2C4829E7-816C-465F-8D92-DF37462E22B4}"
	ProjectSection(SolutionItems) = preProject
		.nuget\NuGet.Config = .nuget\NuGet.Config
		.nuget\NuGet.exe = .nuget\NuGet.exe
		.nuget\NuGet.targets = .nuget\NuGet.targets
	EndProjectSection
EndProject
Global
	GlobalSection(SolutionConfigurationPlatforms) = preSolution
		Debug|Any CPU = Debug|Any CPU
		Release|Any CPU = Release|Any CPU
	EndGlobalSection
	GlobalSection(ProjectConfigurationPlatforms) = postSolution
		{2B78A6A5-8756-47EA-A869-8BD59821F439}.Debug|Any CPU.ActiveCfg = Debug|Any CPU
		{2B78A6A5-8756-47EA-A869-8BD59821F439}.Debug|Any CPU.Build.0 = Debug|Any CPU
		{2B78A6A5-8756-47EA-A869-8BD59821F439}.Release|Any CPU.ActiveCfg = Release|Any CPU
		{2B78A6A5-8756-47EA-A869-8BD59821F439}.Release|Any CPU.Build.0 = Release|Any CPU
		{9998ABEE-8274-4762-88B9-EB75E92A217E}.Debug|Any CPU.ActiveCfg = Debug|Any CPU
		{9998ABEE-8274-4762-88B9-EB75E92A217E}.Debug|Any CPU.Build.0 = Debug|Any CPU
		{9998ABEE-8274-4762-88B9-EB75E92A217E}.Release|Any CPU.ActiveCfg = Release|Any CPU
		{9998ABEE-8274-4762-88B9-EB75E92A217E}.Release|Any CPU.Build.0 = Release|Any CPU
	EndGlobalSection
	GlobalSection(SolutionProperties) = preSolution
		HideSolutionNode = FALSE
	EndGlobalSection
EndGlobal
